{
  "nodes": {
    "agenix": {
      "inputs": {
        "nixpkgs": "nixpkgs"
      },
      "locked": {
        "lastModified": 1620877075,
        "narHash": "sha256-XvgTqtmQZHegu9UMDSR50gK5cHEM2gbnRH0qecmdN54=",
        "owner": "ryantm",
        "repo": "agenix",
        "rev": "e543aa7d68f222e1e771165da9e9a64b5bf7b3e3",
        "type": "github"
      },
      "original": {
        "owner": "ryantm",
        "ref": "master",
        "repo": "agenix",
        "type": "github"
      }
    },
    "bisq": {
      "locked": {
        "lastModified": 1622536247,
        "narHash": "sha256-3W7x9x+ZFJ3D9N2S4qrMLX2U/ciAeh/n7594u4wFLx4=",
        "owner": "emmanuelrosa",
        "repo": "nixpkgs",
        "rev": "39d42b8e83726c2fec873c023d4e1d6c37f4a187",
        "type": "github"
      },
      "original": {
        "owner": "emmanuelrosa",
        "ref": "39d42b8e83726c2fec873c023d4e1d6c37f4a187",
        "repo": "nixpkgs",
        "type": "github"
      }
    },
    "flake-utils": {
      "locked": {
        "lastModified": 1622445595,
        "narHash": "sha256-m+JRe6Wc5OZ/mKw2bB3+Tl0ZbtyxxxfnAWln8Q5qs+Y=",
        "owner": "numtide",
        "repo": "flake-utils",
        "rev": "7d706970d94bc5559077eb1a6600afddcd25a7c8",
        "type": "github"
      },
      "original": {
        "owner": "numtide",
        "ref": "master",
        "repo": "flake-utils",
        "type": "github"
      }
    },
    "home-manager": {
      "inputs": {
        "nixpkgs": [
          "nixpkgs-stable"
        ]
      },
      "locked": {
        "lastModified": 1622917919,
        "narHash": "sha256-9gAIwbQyLhK78bEV648k4tfLK6JkYiPk9QdTECpLuOE=",
        "owner": "nix-community",
        "repo": "home-manager",
        "rev": "148d85ee8303444fb0116943787aa0b1b25f94df",
        "type": "github"
      },
      "original": {
        "owner": "nix-community",
        "ref": "release-21.05",
        "repo": "home-manager",
        "type": "github"
      }
    },
    "nixos-hardware": {
      "locked": {
        "lastModified": 1623489190,
        "narHash": "sha256-p+aJJZ2BE57+59FDjHuUzaWow1M+bZ0MZDxqeB2/TKI=",
        "owner": "cyplo",
        "repo": "nixos-hardware",
        "rev": "1a4ac0b996f2bd5f2fba8b94ea5d7c96d1f6e114",
        "type": "github"
      },
      "original": {
        "owner": "cyplo",
        "ref": "add-t480",
        "repo": "nixos-hardware",
        "type": "github"
      }
    },
    "nixpkgs": {
      "locked": {
        "lastModified": 1618628710,
        "narHash": "sha256-9xIoU+BrCpjs5nfWcd/GlU7XCVdnNKJPffoNTxgGfhs=",
        "path": "/nix/store/z1rf17q0fxj935cmplzys4gg6nxj1as0-source",
        "rev": "7919518f0235106d050c77837df5e338fb94de5d",
        "type": "path"
      },
      "original": {
        "id": "nixpkgs",
        "type": "indirect"
      }
    },
    "nixpkgs-nixos-unstable": {
      "locked": {
        "lastModified": 1623324058,
        "narHash": "sha256-Jm9GUTXdjXz56gWDKy++EpFfjrBaxqXlLvTLfgEi8lo=",
        "owner": "NixOS",
        "repo": "nixpkgs",
        "rev": "432fc2d9a67f92e05438dff5fdc2b39d33f77997",
        "type": "github"
      },
      "original": {
        "owner": "NixOS",
        "ref": "nixos-unstable",
        "repo": "nixpkgs",
        "type": "github"
      }
    },
    "nixpkgs-stable": {
      "locked": {
        "lastModified": 1623309731,
        "narHash": "sha256-UZVcWcMEuWr6QmoFNryxUwjnokXXREJO7CSRe8ob6E4=",
        "owner": "NixOS",
        "repo": "nixpkgs",
        "rev": "cedcf2565c6b982d703d67455199b09a3d905d86",
        "type": "github"
      },
      "original": {
        "owner": "NixOS",
        "ref": "nixos-21.05",
        "repo": "nixpkgs",
        "type": "github"
      }
    },
    "nur": {
      "locked": {
        "lastModified": 1623474423,
        "narHash": "sha256-f8kENeJ96PWEua02Iq9yUu4bK7RCcO2cSbVoh9i37v0=",
        "owner": "nix-community",
        "repo": "NUR",
        "rev": "c7e5bd4edffc819c5c4b0df44e3fccf11214a390",
        "type": "github"
      },
      "original": {
        "owner": "nix-community",
        "ref": "master",
        "repo": "NUR",
        "type": "github"
      }
    },
    "root": {
      "inputs": {
        "agenix": "agenix",
        "bisq": "bisq",
        "flake-utils": "flake-utils",
        "home-manager": "home-manager",
        "nixos-hardware": "nixos-hardware",
        "nixpkgs-nixos-unstable": "nixpkgs-nixos-unstable",
        "nixpkgs-stable": "nixpkgs-stable",
        "nur": "nur"
      }
    }
  },
  "root": "root",
  "version": 7
}
